
Microsoft Visual Studio Solution File, Format Version 12.00
# Visual Studio Version 17
VisualStudioVersion = 17.6.33815.320
MinimumVisualStudioVersion = 10.0.40219.1
Project("{FAE04EC0-301F-11D3-BF4B-00C04F79EFBC}") = "md formatter", "md formatter\md formatter.csproj", "{9CCEC474-E512-4767-B7AF-8D43E6E73CAE}"
EndProject
Global
	GlobalSection(SolutionConfigurationPlatforms) = preSolution
		Debug|Any CPU = Debug|Any CPU
		Release|Any CPU = Release|Any CPU
	EndGlobalSection
	GlobalSection(ProjectConfigurationPlatforms) = postSolution
		{9CCEC474-E512-4767-B7AF-8D43E6E73CAE}.Debug|Any CPU.ActiveCfg = Debug|Any CPU
		{9CCEC474-E512-4767-B7AF-8D43E6E73CAE}.Debug|Any CPU.Build.0 = Debug|Any CPU
		{9CCEC474-E512-4767-B7AF-8D43E6E73CAE}.Release|Any CPU.ActiveCfg = Release|Any CPU
		{9CCEC474-E512-4767-B7AF-8D43E6E73CAE}.Release|Any CPU.Build.0 = Release|Any CPU
	EndGlobalSection
	GlobalSection(SolutionProperties) = preSolution
		HideSolutionNode = FALSE
	EndGlobalSection
	GlobalSection(ExtensibilityGlobals) = postSolution
		SolutionGuid = {7FC29182-35D8-4A05-B10C-74F8F469F475}
	EndGlobalSection
EndGlobal
